// !$*UTF8*$!
{
	archiveVersion = 1;
	classes = {
	};
	objectVersion = 46;
	objects = {

/* Begin PBXBuildFile section */
		846DD76F1BAAED970093B520 /* AppDelegate.swift in Sources */ = {isa = PBXBuildFile; fileRef = 846DD76E1BAAED970093B520 /* AppDelegate.swift */; };
		846DD7711BAAED970093B520 /* ViewController.swift in Sources */ = {isa = PBXBuildFile; fileRef = 846DD7701BAAED970093B520 /* ViewController.swift */; };
		846DD7741BAAED970093B520 /* Main.storyboard in Resources */ = {isa = PBXBuildFile; fileRef = 846DD7721BAAED970093B520 /* Main.storyboard */; };
		846DD7761BAAED970093B520 /* Assets.xcassets in Resources */ = {isa = PBXBuildFile; fileRef = 846DD7751BAAED970093B520 /* Assets.xcassets */; };
		846DD7791BAAED970093B520 /* LaunchScreen.storyboard in Resources */ = {isa = PBXBuildFile; fileRef = 846DD7771BAAED970093B520 /* LaunchScreen.storyboard */; };
		84813D661BAC80EB0065216E /* PlayVoiceViewController.swift in Sources */ = {isa = PBXBuildFile; fileRef = 84813D651BAC80EB0065216E /* PlayVoiceViewController.swift */; settings = {ASSET_TAGS = (); }; };
		84A6F80E1BAD5D5200D42D8B /* everything.mp3 in Resources */ = {isa = PBXBuildFile; fileRef = 84A6F80D1BAD5D5200D42D8B /* everything.mp3 */; settings = {ASSET_TAGS = (); }; };
/* End PBXBuildFile section */

/* Begin PBXFileReference section */
		846DD76B1BAAED970093B520 /* Voice Cracker.app */ = {isa = PBXFileReference; explicitFileType = wrapper.application; includeInIndex = 0; path = "Voice Cracker.app"; sourceTree = BUILT_PRODUCTS_DIR; };
		846DD76E1BAAED970093B520 /* AppDelegate.swift */ = {isa = PBXFileReference; lastKnownFileType = sourcecode.swift; path = AppDelegate.swift; sourceTree = "<group>"; };
		846DD7701BAAED970093B520 /* ViewController.swift */ = {isa = PBXFileReference; lastKnownFileType = sourcecode.swift; path = ViewController.swift; sourceTree = "<group>"; };
		846DD7731BAAED970093B520 /* Base */ = {isa = PBXFileReference; lastKnownFileType = file.storyboard; name = Base; path = Base.lproj/Main.storyboard; sourceTree = "<group>"; };
		846DD7751BAAED970093B520 /* Assets.xcassets */ = {isa = PBXFileReference; lastKnownFileType = folder.assetcatalog; path = Assets.xcassets; sourceTree = "<group>"; };
		846DD7781BAAED970093B520 /* Base */ = {isa = PBXFileReference; lastKnownFileType = file.storyboard; name = Base; path = Base.lproj/LaunchScreen.storyboard; sourceTree = "<group>"; };
		846DD77A1BAAED970093B520 /* Info.plist */ = {isa = PBXFileReference; lastKnownFileType = text.plist.xml; path = Info.plist; sourceTree = "<group>"; };
		84813D651BAC80EB0065216E /* PlayVoiceViewController.swift */ = {isa = PBXFileReference; fileEncoding = 4; lastKnownFileType = sourcecode.swift; path = PlayVoiceViewController.swift; sourceTree = "<group>"; };
		84A6F80D1BAD5D5200D42D8B /* everything.mp3 */ = {isa = PBXFileReference; lastKnownFileType = audio.mp3; path = everything.mp3; sourceTree = "<group>"; };
/* End PBXFileReference section */

/* Begin PBXFrameworksBuildPhase section */
		846DD7681BAAED970093B520 /* Frameworks */ = {
			isa = PBXFrameworksBuildPhase;
			buildActionMask = 2147483647;
			files = (
			);
			runOnlyForDeploymentPostprocessing = 0;
		};
/* End PBXFrameworksBuildPhase section */

/* Begin PBXGroup section */
		846DD7621BAAED970093B520 = {
			isa = PBXGroup;
			children = (
				846DD76D1BAAED970093B520 /* Voice Cracker */,
				846DD76C1BAAED970093B520 /* Products */,
			);
			sourceTree = "<group>";
		};
		846DD76C1BAAED970093B520 /* Products */ = {
			isa = PBXGroup;
			children = (
				846DD76B1BAAED970093B520 /* Voice Cracker.app */,
			);
			name = Products;
			sourceTree = "<group>";
		};
		846DD76D1BAAED970093B520 /* Voice Cracker */ = {
			isa = PBXGroup;
			children = (
				84A6F80D1BAD5D5200D42D8B /* everything.mp3 */,
				846DD76E1BAAED970093B520 /* AppDelegate.swift */,
				846DD7701BAAED970093B520 /* ViewController.swift */,
				84813D651BAC80EB0065216E /* PlayVoiceViewController.swift */,
				846DD7721BAAED970093B520 /* Main.storyboard */,
				846DD7751BAAED970093B520 /* Assets.xcassets */,
				846DD7771BAAED970093B520 /* LaunchScreen.storyboard */,
				846DD77A1BAAED970093B520 /* Info.plist */,
			);
			path = "Voice Cracker";
			sourceTree = "<group>";
		};
/* End PBXGroup section */

/* Begin PBXNativeTarget section */
		846DD76A1BAAED970093B520 /* Voice Cracker */ = {
			isa = PBXNativeTarget;
			buildConfigurationList = 846DD77D1BAAED970093B520 /* Build configuration list for PBXNativeTarget "Voice Cracker" */;
			buildPhases = (
				846DD7671BAAED970093B520 /* Sources */,
				846DD7681BAAED970093B520 /* Frameworks */,
				846DD7691BAAED970093B520 /* Resources */,
			);
			buildRules = (
			);
			dependencies = (
			);
			name = "Voice Cracker";
			productName = "Voice Cracker";
			productReference = 846DD76B1BAAED970093B520 /* Voice Cracker.app */;
			productType = "com.apple.product-type.application";
		};
/* End PBXNativeTarget section */

/* Begin PBXProject section */
		846DD7631BAAED970093B520 /* Project object */ = {
			isa = PBXProject;
			attributes = {
				LastUpgradeCheck = 0700;
				ORGANIZATIONNAME = "Gayan Jayasundara";
				TargetAttributes = {
					846DD76A1BAAED970093B520 = {
						CreatedOnToolsVersion = 7.0;
					};
				};
			};
			buildConfigurationList = 846DD7661BAAED970093B520 /* Build configuration list for PBXProject "Voice Cracker" */;
			compatibilityVersion = "Xcode 3.2";
			developmentRegion = English;
			hasScannedForEncodings = 0;
			knownRegions = (
				en,
				Base,
			);
			mainGroup = 846DD7621BAAED970093B520;
			productRefGroup = 846DD76C1BAAED970093B520 /* Products */;
			projectDirPath = "";
			projectRoot = "";
			targets = (
				846DD76A1BAAED970093B520 /* Voice Cracker */,
			);
		};
/* End PBXProject section */

/* Begin PBXResourcesBuildPhase section */
		846DD7691BAAED970093B520 /* Resources */ = {
			isa = PBXResourcesBuildPhase;
			buildActionMask = 2147483647;
			files = (
				84A6F80E1BAD5D5200D42D8B /* everything.mp3 in Resources */,
				846DD7791BAAED970093B520 /* LaunchScreen.storyboard in Resources */,
				846DD7761BAAED970093B520 /* Assets.xcassets in Resources */,
				846DD7741BAAED970093B520 /* Main.storyboard in Resources */,
			);
			runOnlyForDeploymentPostprocessing = 0;
		};
/* End PBXResourcesBuildPhase section */

/* Begin PBXSourcesBuildPhase section */
		846DD7671BAAED970093B520 /* Sources */ = {
			isa = PBXSourcesBuildPhase;
			buildActionMask = 2147483647;
			files = (
				84813D661BAC80EB0065216E /* PlayVoiceViewController.swift in Sources */,
				846DD7711BAAED970093B520 /* ViewController.swift in Sources */,
				846DD76F1BAAED970093B520 /* AppDelegate.swift in Sources */,
			);
			runOnlyForDeploymentPostprocessing = 0;
		};
/* End PBXSourcesBuildPhase section */

/* Begin PBXVariantGroup section */
		846DD7721BAAED970093B520 /* Main.storyboard */ = {
			isa = PBXVariantGroup;
			children = (
				846DD7731BAAED970093B520 /* Base */,
			);
			name = Main.storyboard;
			sourceTree = "<group>";
		};
		846DD7771BAAED970093B520 /* LaunchScreen.storyboard */ = {
			isa = PBXVariantGroup;
			children = (
				846DD7781BAAED970093B520 /* Base */,
			);
			name = LaunchScreen.storyboard;
			sourceTree = "<group>";
		};
/* End PBXVariantGroup section */

/* Begin XCBuildConfiguration section */
		846DD77B1BAAED970093B520 /* Debug */ = {
			isa = XCBuildConfiguration;
			buildSettings = {
				ALWAYS_SEARCH_USER_PATHS = NO;
				CLANG_CXX_LANGUAGE_STANDARD = "gnu++0x";
				CLANG_CXX_LIBRARY = "libc++";
				CLANG_ENABLE_MODULES = YES;
				CLANG_ENABLE_OBJC_ARC = YES;
				CLANG_WARN_BOOL_CONVERSION = YES;
				CLANG_WARN_CONSTANT_CONVERSION = YES;
				CLANG_WARN_DIRECT_OBJC_ISA_USAGE = YES_ERROR;
				CLANG_WARN_EMPTY_BODY = YES;
				CLANG_WARN_ENUM_CONVERSION = YES;
				CLANG_WARN_INT_CONVERSION = YES;
				CLANG_WARN_OBJC_ROOT_CLASS = YES_ERROR;
				CLANG_WARN_UNREACHABLE_CODE = YES;
				CLANG_WARN__DUPLICATE_METHOD_MATCH = YES;
				"CODE_SIGN_IDENTITY[sdk=iphoneos*]" = "iPhone Developer";
				COPY_PHASE_STRIP = NO;
				DEBUG_INFORMATION_FORMAT = dwarf;
				ENABLE_STRICT_OBJC_MSGSEND = YES;
				ENABLE_TESTABILITY = YES;
				GCC_C_LANGUAGE_STANDARD = gnu99;
				GCC_DYNAMIC_NO_PIC = NO;
				GCC_NO_COMMON_BLOCKS = YES;
				GCC_OPTIMIZATION_LEVEL = 0;
				GCC_PREPROCESSOR_DEFINITIONS = (
					"DEBUG=1",
					"$(inherited)",
				);
				GCC_WARN_64_TO_32_BIT_CONVERSION = YES;
				GCC_WARN_ABOUT_RETURN_TYPE = YES_ERROR;
				GCC_WARN_UNDECLARED_SELECTOR = YES;
				GCC_WARN_UNINITIALIZED_AUTOS = YES_AGGRESSIVE;
				GCC_WARN_UNUSED_FUNCTION = YES;
				GCC_WARN_UNUSED_VARIABLE = YES;
				IPHONEOS_DEPLOYMENT_TARGET = 9.0;
				MTL_ENABLE_DEBUG_INFO = YES;
				ONLY_ACTIVE_ARCH = YES;
				SDKROOT = iphoneos;
				SWIFT_OPTIMIZATION_LEVEL = "-Onone";
			};
			name = Debug;
		};
		846DD77C1BAAED970093B520 /* Release */ = {
			isa = XCBuildConfiguration;
			buildSettings = {
				ALWAYS_SEARCH_USER_PATHS = NO;
				CLANG_CXX_LANGUAGE_STANDARD = "gnu++0x";
				CLANG_CXX_LIBRARY = "libc++";
				CLANG_ENABLE_MODULES = YES;
				CLANG_ENABLE_OBJC_ARC = YES;
				CLANG_WARN_BOOL_CONVERSION = YES;
				CLANG_WARN_CONSTANT_CONVERSION = YES;
				CLANG_WARN_DIRECT_OBJC_ISA_USAGE = YES_ERROR;
				CLANG_WARN_EMPTY_BODY = YES;
				CLANG_WARN_ENUM_CONVERSION = YES;
				CLANG_WARN_INT_CONVERSION = YES;
				CLANG_WARN_OBJC_ROOT_CLASS = YES_ERROR;
				CLANG_WARN_UNREACHABLE_CODE = YES;
				CLANG_WARN__DUPLICATE_METHOD_MATCH = YES;
				"CODE_SIGN_IDENTITY[sdk=iphoneos*]" = "iPhone Developer";
				COPY_PHASE_STRIP = NO;
				DEBUG_INFORMATION_FORMAT = "dwarf-with-dsym";
				ENABLE_NS_ASSERTIONS = NO;
				ENABLE_STRICT_OBJC_MSGSEND = YES;
				GCC_C_LANGUAGE_STANDARD = gnu99;
				GCC_NO_COMMON_BLOCKS = YES;
				GCC_WARN_64_TO_32_BIT_CONVERSION = YES;
				GCC_WARN_ABOUT_RETURN_TYPE = YES_ERROR;
				GCC_WARN_UNDECLARED_SELECTOR = YES;
				GCC_WARN_UNINITIALIZED_AUTOS = YES_AGGRESSIVE;
				GCC_WARN_UNUSED_FUNCTION = YES;
				GCC_WARN_UNUSED_VARIABLE = YES;
				IPHONEOS_DEPLOYMENT_TARGET = 9.0;
				MTL_ENABLE_DEBUG_INFO = NO;
				SDKROOT = iphoneos;
				VALIDATE_PRODUCT = YES;
			};
			name = Release;
		};
		846DD77E1BAAED970093B520 /* Debug */ = {
			isa = XCBuildConfiguration;
			buildSettings = {
				ASSETCATALOG_COMPILER_APPICON_NAME = AppIcon;
				INFOPLIST_FILE = "Voice Cracker/Info.plist";
				LD_RUNPATH_SEARCH_PATHS = "$(inherited) @executable_path/Frameworks";
				PRODUCT_BUNDLE_IDENTIFIER = "com.gayan.jayasundara.Voice-Cracker";
				PRODUCT_NAME = "$(TARGET_NAME)";
			};
			name = Debug;
		};
		846DD77F1BAAED970093B520 /* Release */ = {
			isa = XCBuildConfiguration;
			buildSettings = {
				ASSETCATALOG_COMPILER_APPICON_NAME = AppIcon;
				INFOPLIST_FILE = "Voice Cracker/Info.plist";
				LD_RUNPATH_SEARCH_PATHS = "$(inherited) @executable_path/Frameworks";
				PRODUCT_BUNDLE_IDENTIFIER = "com.gayan.jayasundara.Voice-Cracker";
				PRODUCT_NAME = "$(TARGET_NAME)";
			};
			name = Release;
		};
/* End XCBuildConfiguration section */

/* Begin XCConfigurationList section */
		846DD7661BAAED970093B520 /* Build configuration list for PBXProject "Voice Cracker" */ = {
			isa = XCConfigurationList;
			buildConfigurations = (
				846DD77B1BAAED970093B520 /* Debug */,
				846DD77C1BAAED970093B520 /* Release */,
			);
			defaultConfigurationIsVisible = 0;
			defaultConfigurationName = Release;
		};
		846DD77D1BAAED970093B520 /* Build configuration list for PBXNativeTarget "Voice Cracker" */ = {
			isa = XCConfigurationList;
			buildConfigurations = (
				846DD77E1BAAED970093B520 /* Debug */,
				846DD77F1BAAED970093B520 /* Release */,
			);
			defaultConfigurationIsVisible = 0;
			defaultConfigurationName = Release;
		};
/* End XCConfigurationList section */
	};
	rootObject = 846DD7631BAAED970093B520 /* Project object */;
}
